
Microsoft Visual Studio Solution File, Format Version 12.00
# Visual Studio Version 17
VisualStudioVersion = 17.6.33801.468
MinimumVisualStudioVersion = 10.0.40219.1
Project("{FAE04EC0-301F-11D3-BF4B-00C04F79EFBC}") = "mbkBank", "mbkBank\mbkBank.csproj", "{39628E6B-2D59-4925-B5FB-5E3FCDC7DBC3}"
EndProject
Global
	GlobalSection(SolutionConfigurationPlatforms) = preSolution
		Debug|Any CPU = Debug|Any CPU
		Release|Any CPU = Release|Any CPU
	EndGlobalSection
	GlobalSection(ProjectConfigurationPlatforms) = postSolution
		{39628E6B-2D59-4925-B5FB-5E3FCDC7DBC3}.Debug|Any CPU.ActiveCfg = Debug|Any CPU
		{39628E6B-2D59-4925-B5FB-5E3FCDC7DBC3}.Debug|Any CPU.Build.0 = Debug|Any CPU
		{39628E6B-2D59-4925-B5FB-5E3FCDC7DBC3}.Release|Any CPU.ActiveCfg = Release|Any CPU
		{39628E6B-2D59-4925-B5FB-5E3FCDC7DBC3}.Release|Any CPU.Build.0 = Release|Any CPU
	EndGlobalSection
	GlobalSection(SolutionProperties) = preSolution
		HideSolutionNode = FALSE
	EndGlobalSection
	GlobalSection(ExtensibilityGlobals) = postSolution
		SolutionGuid = {ED353445-6149-43A2-85DE-F52163FC0FFB}
	EndGlobalSection
EndGlobal
